{
  "version": 4,
  "terraform_version": "0.12.21",
  "serial": 7,
  "lineage": "1ec32cc0-64fd-715a-d2ca-e1281a13b5e3",
  "outputs": {
    "Fastly-Version": {
      "value": 4,
      "type": "number"
    }
  },
  "resources": [
    {
      "mode": "managed",
      "type": "fastly_service_v1",
      "name": "first_terraform_service",
      "provider": "provider.fastly",
      "instances": [
        {
          "schema_version": 0,
          "attributes": {
            "acl": [],
            "activate": true,
            "active_version": 4,
            "backend": [
              {
                "address": "127.0.0.1",
                "auto_loadbalance": true,
                "between_bytes_timeout": 10000,
                "connect_timeout": 1000,
                "error_threshold": 0,
                "first_byte_timeout": 15000,
                "healthcheck": "",
                "max_conn": 200,
                "max_tls_version": "",
                "min_tls_version": "",
                "name": "localhost",
                "override_host": "",
                "port": 80,
                "request_condition": "",
                "shield": "",
                "ssl_ca_cert": "",
                "ssl_cert_hostname": "",
                "ssl_check_cert": true,
                "ssl_ciphers": "",
                "ssl_client_cert": "",
                "ssl_client_key": "",
                "ssl_hostname": "",
                "ssl_sni_hostname": "",
                "use_ssl": false,
                "weight": 100
              }
            ],
            "bigquerylogging": [],
            "blobstoragelogging": [],
            "cache_setting": [],
            "cloned_version": 4,
            "comment": "Managed by Terraform",
            "condition": [],
            "default_host": "",
            "default_ttl": 3600,
            "dictionary": [],
            "director": [],
            "domain": [
              {
                "comment": "Terraform demo",
                "name": "terraform-2.lbfastly.com"
              },
              {
                "comment": "Terraform demo",
                "name": "terraform.lbfastly.com"
              }
            ],
            "dynamicsnippet": [],
            "force_destroy": true,
            "gcslogging": [],
            "gzip": [],
            "header": [],
            "healthcheck": [],
            "httpslogging": [],
            "id": "2llXCJuFYpvE3c6cyz3ZDS",
            "logentries": [],
            "name": "First Fastly Terraform Service",
            "papertrail": [],
            "request_setting": [],
            "response_object": [],
            "s3logging": [],
            "snippet": [
              {
                "content": "if ( req.url ~ \"\\.(jpeg|jpg|gif)$\" ) {\n # jpeg/gif TTL\n set beresp.ttl = 172800s;\n }\n set beresp.http.Cache-Control = \"max-age=\" beresp.ttl;",
                "name": "Change_jpg_ttl",
                "priority": 8,
                "type": "fetch"
              }
            ],
            "splunk": [],
            "sumologic": [],
            "syslog": [],
            "vcl": [],
            "version_comment": ""
          },
          "private": "bnVsbA=="
        }
      ]
    }
  ]
}
